
Microsoft Visual Studio Solution File, Format Version 12.00
# Visual Studio Version 17
VisualStudioVersion = 17.6.33815.320
MinimumVisualStudioVersion = 10.0.40219.1
Project("{FAE04EC0-301F-11D3-BF4B-00C04F79EFBC}") = "stobin", "stobin.csproj", "{A7F2CB56-688D-4D6A-B848-DF7255CB8C7E}"
EndProject
Global
	GlobalSection(SolutionConfigurationPlatforms) = preSolution
		Debug|Any CPU = Debug|Any CPU
		Release|Any CPU = Release|Any CPU
	EndGlobalSection
	GlobalSection(ProjectConfigurationPlatforms) = postSolution
		{A7F2CB56-688D-4D6A-B848-DF7255CB8C7E}.Debug|Any CPU.ActiveCfg = Debug|Any CPU
		{A7F2CB56-688D-4D6A-B848-DF7255CB8C7E}.Debug|Any CPU.Build.0 = Debug|Any CPU
		{A7F2CB56-688D-4D6A-B848-DF7255CB8C7E}.Release|Any CPU.ActiveCfg = Release|Any CPU
		{A7F2CB56-688D-4D6A-B848-DF7255CB8C7E}.Release|Any CPU.Build.0 = Release|Any CPU
	EndGlobalSection
	GlobalSection(SolutionProperties) = preSolution
		HideSolutionNode = FALSE
	EndGlobalSection
	GlobalSection(ExtensibilityGlobals) = postSolution
		SolutionGuid = {EC7DE585-895B-4C64-9EA6-75FB702591F5}
	EndGlobalSection
EndGlobal
